Microsoft Visual Studio Solution File, Format Version 12.00
# Visual Studio Version 17
VisualStudioVersion = 17.4.33205.214
MinimumVisualStudioVersion = 10.0.40219.1
Project("{FAE04EC0-301F-11D3-BF4B-00C04F79EFBC}") = "Assembly-CSharp", "Assembly-CSharp.csproj", "{3EB325CE-9533-46A1-A6E1-E53223BA321B}"
EndProject
Global
	GlobalSection(SolutionConfigurationPlatforms) = preSolution
		Debug|Any CPU = Debug|Any CPU
		Release|Any CPU = Release|Any CPU
	EndGlobalSection
	GlobalSection(ProjectConfigurationPlatforms) = postSolution
		{3EB325CE-9533-46A1-A6E1-E53223BA321B}.Debug|Any CPU.ActiveCfg = Debug|Any CPU
		{3EB325CE-9533-46A1-A6E1-E53223BA321B}.Debug|Any CPU.Build.0 = Debug|Any CPU
		{3EB325CE-9533-46A1-A6E1-E53223BA321B}.Release|Any CPU.ActiveCfg = Release|Any CPU
		{3EB325CE-9533-46A1-A6E1-E53223BA321B}.Release|Any CPU.Build.0 = Release|Any CPU
	EndGlobalSection
	GlobalSection(SolutionProperties) = preSolution
		HideSolutionNode = FALSE
	EndGlobalSection
	GlobalSection(ExtensibilityGlobals) = postSolution
		SolutionGuid = {BD428565-DA55-4948-8A39-521DBCE5881D}
	EndGlobalSection
EndGlobal
