
Microsoft Visual Studio Solution File, Format Version 12.00
# Visual Studio Version 17
VisualStudioVersion = 17.4.33205.214
MinimumVisualStudioVersion = 10.0.40219.1
Project("{9A19103F-16F7-4668-BE54-9A1E7A4F7556}") = "Obeliskial Essentials", "Obeliskial Essentials.csproj", "{82F6E1D0-FA0A-4713-877A-AA81AAFB64CB}"
EndProject
Global
	GlobalSection(SolutionConfigurationPlatforms) = preSolution
		Debug|Any CPU = Debug|Any CPU
		Release|Any CPU = Release|Any CPU
	EndGlobalSection
	GlobalSection(ProjectConfigurationPlatforms) = postSolution
		{82F6E1D0-FA0A-4713-877A-AA81AAFB64CB}.Debug|Any CPU.ActiveCfg = Debug|Any CPU
		{82F6E1D0-FA0A-4713-877A-AA81AAFB64CB}.Debug|Any CPU.Build.0 = Debug|Any CPU
		{82F6E1D0-FA0A-4713-877A-AA81AAFB64CB}.Release|Any CPU.ActiveCfg = Release|Any CPU
		{82F6E1D0-FA0A-4713-877A-AA81AAFB64CB}.Release|Any CPU.Build.0 = Release|Any CPU
	EndGlobalSection
	GlobalSection(SolutionProperties) = preSolution
		HideSolutionNode = FALSE
	EndGlobalSection
	GlobalSection(ExtensibilityGlobals) = postSolution
		SolutionGuid = {1864E363-E47A-4485-8D3B-57DACD2FE98B}
	EndGlobalSection
EndGlobal
